github.com/CalebQ42/squashfs v1.4.0 h1:LA9/4+80x0JQhPzHzQfqqRmluWtKXUiZ85G6jsrwky4=
github.com/CalebQ42/squashfs v1.4.0/go.mod h1:48nUwPN4mjeWhu3It2LJZAq4EkixbzY4pdyZ7gEfHb8=
github.com/Masterminds/semver v1.5.0 h1:H65muMkzWKEuNDnfl9d70GUjFniHKHRbFPGBuZ3QEww=
github.com/Masterminds/semver v1.5.0/go.mod h1:MB6lktGJrhw8PrUyiEoblNEGEQ+RzHPF078ddwwvV3Y=
github.com/arran4/g2 v0.0.82 h1:zKfLYBO8c2Gayo9z+poYktKBszmbpNRRbO8SmqFoNmM=
github.com/arran4/g2 v0.0.82/go.mod h1:9r9INKbdDYGR9gBhNxrDNuy9JwT2lC44NjntZnvjjBM=
github.com/creack/pty v1.1.24 h1:bJrF4RRfyJnbTJqzRLHzcGaZK1NeM5kTC9jGgovnR1s=
github.com/creack/pty v1.1.24/go.mod h1:08sCNb52WyoAwi2QDyzUCTgcvVFhUzewun7wtTfvcwE=
github.com/davecgh/go-spew v1.1.0/go.mod h1:J7Y8YcW2NihsgmVo/mv3lAwl/skON4iLHjSsI+c5H38=
github.com/davecgh/go-spew v1.1.1 h1:vj9j/u1bqnvCEfJOwUhtlOARqs3+rkHYY13jYWTU97c=
github.com/davecgh/go-spew v1.1.1/go.mod h1:J7Y8YcW2NihsgmVo/mv3lAwl/skON4iLHjSsI+c5H38=
github.com/go-quicktest/qt v1.101.0 h1:O1K29Txy5P2OK0dGo59b7b0LR6wKfIhttaAhHUyn7eI=
github.com/go-quicktest/qt v1.101.0/go.mod h1:14Bz/f7NwaXPtdYEgzsx46kqSxVwTbzVZsDC26tQJow=
github.com/google/go-cmp v0.5.2/go.mod h1:v8dTdLbMG2kIc/vJvl+f65V22dbkXbowE6jgT/gNBxE=
github.com/google/go-cmp v0.7.0 h1:wk8382ETsv4JYUZwIsn6YpYiWiBsYLSJiTsyBybVuN8=
github.com/google/go-cmp v0.7.0/go.mod h1:pXiqmnSA92OHEEa9HXL2W4E7lf9JzCmGVUdgjX3N/iU=
github.com/google/go-github/v62 v62.0.0 h1:/6mGCaRywZz9MuHyw9gD1CwsbmBX8GWsbFkwMmHdhl4=
github.com/google/go-github/v62 v62.0.0/go.mod h1:EMxeUqGJq2xRu9DYBMwel/mr7kZrzUOfQmmpYrZn2a4=
github.com/google/go-querystring v1.1.0 h1:AnCroh3fv4ZBgVIf1Iwtovgjaw/GiKJo8M8yD/fhyJ8=
github.com/google/go-querystring v1.1.0/go.mod h1:Kcdr2DB4koayq7X8pmAG4sNG59So17icRSOU623lUBU=
github.com/klauspost/compress v1.18.2 h1:iiPHWW0YrcFgpBYhsA6D1+fqHssJscY/Tm/y2Uqnapk=
github.com/klauspost/compress v1.18.2/go.mod h1:R0h/fSBs8DE4ENlcrlib3PsXS61voFxhIs2DeRhCvJ4=
github.com/kr/pretty v0.3.1 h1:flRD4NNwYAUpkphVc1HcthR4KEIFJ65n8Mw5qdRn3LE=
github.com/kr/pretty v0.3.1/go.mod h1:hoEshYVHaxMs3cyo3Yncou5ZscifuDolrwPKZanG3xk=
github.com/kr/text v0.2.0 h1:5Nx0Ya0ZqY2ygV366QzturHI13Jq95ApcVaJBhpS+AY=
github.com/kr/text v0.2.0/go.mod h1:eLer722TekiGuMkidMxC/pM04lWEeraHUUmBw8l2grE=
github.com/pierrec/lz4/v4 v4.1.22 h1:cKFw6uJDK+/gfw5BcDL0JL5aBsAFdsIT18eRtLj7VIU=
github.com/pierrec/lz4/v4 v4.1.22/go.mod h1:gZWDp/Ze/IJXGXf23ltt2EXimqmTUXEy0GFuRQyBid4=
github.com/pmezard/go-difflib v1.0.0 h1:4DBwDE0NGyQoBHbLQYPwSUPoCMWR5BEzIk/f1lZbAQM=
github.com/pmezard/go-difflib v1.0.0/go.mod h1:iKH77koFhYxTK1pcRnkKkqfTogsbg7gZNVY4sRDYZ/4=
github.com/rasky/go-lzo v0.0.0-20200203143853-96a758eda86e h1:dCWirM5F3wMY+cmRda/B1BiPsFtmzXqV9b0hLWtVBMs=
github.com/rasky/go-lzo v0.0.0-20200203143853-96a758eda86e/go.mod h1:9leZcVcItj6m9/CfHY5Em/iBrCz7js8LcRQGTKEEv2M=
github.com/rogpeppe/go-internal v1.14.1 h1:UQB4HGPB6osV0SQTLymcB4TgvyWu6ZyliaW0tI/otEQ=
github.com/rogpeppe/go-internal v1.14.1/go.mod h1:MaRKkUm5W0goXpeCfT7UZI6fk/L7L7so1lCWt35ZSgc=
github.com/stoewer/go-strcase v1.3.1 h1:iS0MdW+kVTxgMoE1LAZyMiYJFKlOzLooE4MxjirtkAs=
github.com/stoewer/go-strcase v1.3.1/go.mod h1:fAH5hQ5pehh+j3nZfvwdk2RgEgQjAoM8wodgtPmh1xo=
github.com/stretchr/objx v0.1.0/go.mod h1:HFkY916IF+rwdDfMAkV7OtwuqBVzrE8GR6GFx+wExME=
github.com/stretchr/objx v0.4.0/go.mod h1:YvHI0jy2hoMjB+UWwv71VJQ9isScKT/TqJzVSSt89Yw=
github.com/stretchr/objx v0.5.0/go.mod h1:Yh+to48EsGEfYuaHDzXPcE3xhTkx73EhmCGUpEOglKo=
github.com/stretchr/testify v1.7.1/go.mod h1:6Fq8oRcR53rry900zMqJjRRixrwX3KX962/h/Wwjteg=
github.com/stretchr/testify v1.8.0/go.mod h1:yNjHg4UonilssWZ8iaSj1OCr/vHnekPRkoO+kdMU+MU=
github.com/stretchr/testify v1.8.1/go.mod h1:w2LPCIKwWwSfY2zedu0+kehJoqGctiVI29o6fzry7u4=
github.com/stretchr/testify v1.11.1 h1:7s2iGBzp5EwR7/aIZr8ao5+dra3wiQyKjjFuvgVKu7U=
github.com/stretchr/testify v1.11.1/go.mod h1:wZwfW3scLgRK+23gO65QZefKpKQRnfz6sD981Nm4B6U=
github.com/therootcompany/xz v1.0.1 h1:CmOtsn1CbtmyYiusbfmhmkpAAETj0wBIH6kCYaX+xzw=
github.com/therootcompany/xz v1.0.1/go.mod h1:3K3UH1yCKgBneZYhuQUvJ9HPD19UEXEI0BWbMn8qNMY=
github.com/ulikunitz/xz v0.5.15 h1:9DNdB5s+SgV3bQ2ApL10xRc35ck0DuIX/isZvIk+ubY=
github.com/ulikunitz/xz v0.5.15/go.mod h1:nbz6k7qbPmH4IRqmfOplQw/tblSgqTqBwxkY0oWt/14=
golang.org/x/crypto v0.54.0 h1:YLIA59K4fiNzHzjnZt2tUJQjQtUWfWbeHBqKtk3eScw=
golang.org/x/crypto v0.54.0/go.mod h1:KWL8ny2AZdGR2cWmzeHrp2azQPGogOv+HeQaVEXC2dk=
golang.org/x/net v0.57.0 h1:K5+3DljvIuDG9/Jv9rvyMywYNFCQ9RSUY6OOTTkT+tE=
golang.org/x/net v0.57.0/go.mod h1:KpXc8iv+r3XplLAG/f7Jsf9RPszJzdR0f58q9vGOuEU=
golang.org/x/sys v0.47.0 h1:o7XGOvZQCADBQQ4Y7VNq2dRWQR7JmOUW8Kxx4ZsNgWs=
golang.org/x/sys v0.47.0/go.mod h1:4GL1E5IUh+htKOUEOaiffhrAeqysfVGipDYzABqnCmw=
golang.org/x/term v0.45.0 h1:NwWyBmoJCbfTHpxrWoZ9C6/VxOf7ic219I8xZZFdrf0=
golang.org/x/term v0.45.0/go.mod h1:9aqxs0blBcrm/n0L9QW0aRVD+ktan8ssZromtqJC43w=
golang.org/x/tools v0.48.0 h1:3+hClM1aLL5mjMKm5ovokw9epgRXPuu2tILgismM6RE=
golang.org/x/tools v0.48.0/go.mod h1:08xX0orndb/F7jJxGDicx061tyd5pcMto75YMAXr6lk=
golang.org/x/xerrors v0.0.0-20191204190536-9bdfabe68543/go.mod h1:I/5z698sn9Ka8TeJc9MKroUUfqBBauWjQqLJ2OPfmY0=
gopkg.in/check.v1 v0.0.0-20161208181325-20d25e280405/go.mod h1:Co6ibVJAznAaIkqp8huTwlJQCZ016jof/cbN4VW5Yz0=
gopkg.in/yaml.v3 v3.0.0-20200313102051-9f266ea9e77c/go.mod h1:K4uyk7z7BCEPqu6E+C64Yfv1cQ7kz7rIZviUmN+EgEM=
gopkg.in/yaml.v3 v3.0.1 h1:fxVm/GzAzEWqLHuvctI91KS9hhNmmWOoWu0XTYJS7CA=
gopkg.in/yaml.v3 v3.0.1/go.mod h1:K4uyk7z7BCEPqu6E+C64Yfv1cQ7kz7rIZviUmN+EgEM=
mvdan.cc/sh/v3 v3.13.1 h1:DP3TfgZhDkT7lerUdnp6PTGKyxxzz6T+cOlY/xEvfWk=
mvdan.cc/sh/v3 v3.13.1/go.mod h1:lXJ8SexMvEVcHCoDvAGLZgFJ9Wsm2sulmoNEXGhYZD0=
